// !$*UTF8*$!
{
	archiveVersion = 1;
	classes = {
	};
	objectVersion = 50;
	objects = {

/* Begin PBXBuildFile section */
		E3073FE12108AA590073E8CD /* MenuService.swift in Sources */ = {isa = PBXBuildFile; fileRef = E3073FE02108AA590073E8CD /* MenuService.swift */; };
		E3073FE32108AA690073E8CD /* FeedbackService.swift in Sources */ = {isa = PBXBuildFile; fileRef = E3073FE22108AA690073E8CD /* FeedbackService.swift */; };
		E3073FE52108AB100073E8CD /* DeviceService.swift in Sources */ = {isa = PBXBuildFile; fileRef = E3073FE42108AB100073E8CD /* DeviceService.swift */; };
		E3073FE72108AE610073E8CD /* FatigueControlService.swift in Sources */ = {isa = PBXBuildFile; fileRef = E3073FE62108AE610073E8CD /* FatigueControlService.swift */; };
		E3073FE92108B1710073E8CD /* StatusItemService.swift in Sources */ = {isa = PBXBuildFile; fileRef = E3073FE82108B1710073E8CD /* StatusItemService.swift */; };
		E30B15DE2113202900B2E432 /* BackendService.swift in Sources */ = {isa = PBXBuildFile; fileRef = E30B15DD2113202900B2E432 /* BackendService.swift */; };
		E30B15E02113260800B2E432 /* FatigueModel.swift in Sources */ = {isa = PBXBuildFile; fileRef = E30B15DF2113260800B2E432 /* FatigueModel.swift */; };
		E30B15E2211346A300B2E432 /* FaceDetect.cpp in Sources */ = {isa = PBXBuildFile; fileRef = E30B15E1211346A300B2E432 /* FaceDetect.cpp */; };
		E30B15E42113471800B2E432 /* FaceDetect.h in Headers */ = {isa = PBXBuildFile; fileRef = E30B15E32113471800B2E432 /* FaceDetect.h */; };
		E30B15E92113474400B2E432 /* LandmarkDetectorUtils.h in Headers */ = {isa = PBXBuildFile; fileRef = E30B15E52113474300B2E432 /* LandmarkDetectorUtils.h */; };
		E30B15EA2113474400B2E432 /* TestThread.h in Headers */ = {isa = PBXBuildFile; fileRef = E30B15E62113474300B2E432 /* TestThread.h */; };
		E30B15EB2113474400B2E432 /* TestThread.cpp in Sources */ = {isa = PBXBuildFile; fileRef = E30B15E72113474300B2E432 /* TestThread.cpp */; };
		E30B15EC2113474400B2E432 /* LandmarkDetectorUtils.cpp in Sources */ = {isa = PBXBuildFile; fileRef = E30B15E82113474300B2E432 /* LandmarkDetectorUtils.cpp */; };
		E31A69B721073AF000C34CA2 /* AppDelegate.swift in Sources */ = {isa = PBXBuildFile; fileRef = E31A69B621073AF000C34CA2 /* AppDelegate.swift */; };
		E31A69B921073AF000C34CA2 /* ViewController.swift in Sources */ = {isa = PBXBuildFile; fileRef = E31A69B821073AF000C34CA2 /* ViewController.swift */; };
		E31A69BB21073AF100C34CA2 /* Assets.xcassets in Resources */ = {isa = PBXBuildFile; fileRef = E31A69BA21073AF100C34CA2 /* Assets.xcassets */; };
		E31A69BE21073AF100C34CA2 /* Main.storyboard in Resources */ = {isa = PBXBuildFile; fileRef = E31A69BC21073AF100C34CA2 /* Main.storyboard */; };
		E31AFB7E2119801100B0E027 /* AVFoundation.framework in Frameworks */ = {isa = PBXBuildFile; fileRef = E31AFB732118C36D00B0E027 /* AVFoundation.framework */; };
		E31AFB7F2119801100B0E027 /* AVFoundation.framework in Embed Frameworks */ = {isa = PBXBuildFile; fileRef = E31AFB732118C36D00B0E027 /* AVFoundation.framework */; settings = {ATTRIBUTES = (CodeSignOnCopy, RemoveHeadersOnCopy, ); }; };
		E31AFB85211982A500B0E027 /* model in Resources */ = {isa = PBXBuildFile; fileRef = E30B15B62111BB3B00B2E432 /* model */; };
		E31AFB86211982AB00B0E027 /* classifiers in Resources */ = {isa = PBXBuildFile; fileRef = E31AFB7B2118CA1600B0E027 /* classifiers */; };
		E31AFEA02119B13900B0E027 /* Vigor.xcodeproj in Frameworks */ = {isa = PBXBuildFile; fileRef = E31AFE9F2119B13900B0E027 /* Vigor.xcodeproj */; };
		E31AFEA12119B13900B0E027 /* libpng.a in Frameworks */ = {isa = PBXBuildFile; fileRef = E31AFE962119B0EC00B0E027 /* libpng.a */; };
		E31AFEA22119B13900B0E027 /* libpng16.a in Frameworks */ = {isa = PBXBuildFile; fileRef = E31AFE982119B0EC00B0E027 /* libpng16.a */; };
		E31AFEA32119B13900B0E027 /* libzlib.a in Frameworks */ = {isa = PBXBuildFile; fileRef = E31AFE992119B0EC00B0E027 /* libzlib.a */; };
		E31AFEA42119B13900B0E027 /* libIlmImf.a in Frameworks */ = {isa = PBXBuildFile; fileRef = E31AFE8A2119B0C700B0E027 /* libIlmImf.a */; };
		E31AFEA52119B13900B0E027 /* libippicv.a in Frameworks */ = {isa = PBXBuildFile; fileRef = E31AFE872119B0C700B0E027 /* libippicv.a */; };
		E31AFEA62119B13900B0E027 /* libippiw.a in Frameworks */ = {isa = PBXBuildFile; fileRef = E31AFE862119B0C700B0E027 /* libippiw.a */; };
		E31AFEA72119B13900B0E027 /* libittnotify.a in Frameworks */ = {isa = PBXBuildFile; fileRef = E31AFE8C2119B0C800B0E027 /* libittnotify.a */; };
		E31AFEA82119B13900B0E027 /* liblibjasper.a in Frameworks */ = {isa = PBXBuildFile; fileRef = E31AFE882119B0C700B0E027 /* liblibjasper.a */; };
		E31AFEA92119B13900B0E027 /* liblibjpeg.a in Frameworks */ = {isa = PBXBuildFile; fileRef = E31AFE892119B0C700B0E027 /* liblibjpeg.a */; };
		E31AFEAA2119B13900B0E027 /* liblibpng.a in Frameworks */ = {isa = PBXBuildFile; fileRef = E31AFE8B2119B0C800B0E027 /* liblibpng.a */; };
		E31AFEAB2119B13900B0E027 /* libopencv_calib3d.a in Frameworks */ = {isa = PBXBuildFile; fileRef = E357D64C2118A32E0083694D /* libopencv_calib3d.a */; };
		E31AFEAC2119B13900B0E027 /* libopencv_core.a in Frameworks */ = {isa = PBXBuildFile; fileRef = E357D6482118A32D0083694D /* libopencv_core.a */; };
		E31AFEAD2119B13900B0E027 /* libopencv_dnn.a in Frameworks */ = {isa = PBXBuildFile; fileRef = E357D64E2118A32E0083694D /* libopencv_dnn.a */; };
		E31AFEAE2119B13900B0E027 /* libopencv_features2d.a in Frameworks */ = {isa = PBXBuildFile; fileRef = E357D6522118A32F0083694D /* libopencv_features2d.a */; };
		E31AFEAF2119B13900B0E027 /* libopencv_flann.a in Frameworks */ = {isa = PBXBuildFile; fileRef = E357D6502118A32E0083694D /* libopencv_flann.a */; };
		E31AFEB02119B13900B0E027 /* libopencv_highgui.a in Frameworks */ = {isa = PBXBuildFile; fileRef = E357D6512118A32F0083694D /* libopencv_highgui.a */; };
		E31AFEB12119B13900B0E027 /* libopencv_imgcodecs.a in Frameworks */ = {isa = PBXBuildFile; fileRef = E357D6462118A32D0083694D /* libopencv_imgcodecs.a */; };
		E31AFEB22119B13900B0E027 /* libopencv_imgproc.a in Frameworks */ = {isa = PBXBuildFile; fileRef = E357D64F2118A32E0083694D /* libopencv_imgproc.a */; };
		E31AFEB32119B13900B0E027 /* libopencv_ml.a in Frameworks */ = {isa = PBXBuildFile; fileRef = E357D64D2118A32E0083694D /* libopencv_ml.a */; };
		E31AFEB42119B13900B0E027 /* libopencv_objdetect.a in Frameworks */ = {isa = PBXBuildFile; fileRef = E357D6472118A32D0083694D /* libopencv_objdetect.a */; };
		E31AFEB52119B13900B0E027 /* libopencv_photo.a in Frameworks */ = {isa = PBXBuildFile; fileRef = E357D6492118A32D0083694D /* libopencv_photo.a */; };
		E31AFEB62119B13900B0E027 /* libopencv_shape.a in Frameworks */ = {isa = PBXBuildFile; fileRef = E357D64B2118A32E0083694D /* libopencv_shape.a */; };
		E31AFEB72119B13900B0E027 /* libopencv_stitching.a in Frameworks */ = {isa = PBXBuildFile; fileRef = E357D64A2118A32E0083694D /* libopencv_stitching.a */; };
		E31AFEB82119B13900B0E027 /* libopencv_superres.a in Frameworks */ = {isa = PBXBuildFile; fileRef = E357D63C2118A2EC0083694D /* libopencv_superres.a */; };
		E31AFEB92119B13900B0E027 /* libopencv_video.a in Frameworks */ = {isa = PBXBuildFile; fileRef = E357D63A2118A2EC0083694D /* libopencv_video.a */; };
		E31AFEBA2119B13900B0E027 /* libopencv_videoio.a in Frameworks */ = {isa = PBXBuildFile; fileRef = E357D63B2118A2EC0083694D /* libopencv_videoio.a */; };
		E31AFEBB2119B13900B0E027 /* libopencv_videostab.a in Frameworks */ = {isa = PBXBuildFile; fileRef = E357D63D2118A2EC0083694D /* libopencv_videostab.a */; };
		E31AFEBC2119B13900B0E027 /* libIlmImf.a in Frameworks */ = {isa = PBXBuildFile; fileRef = E357D6272118A1540083694D /* libIlmImf.a */; };
		E31AFEBD2119B13900B0E027 /* libippicv.a in Frameworks */ = {isa = PBXBuildFile; fileRef = E357D6292118A1550083694D /* libippicv.a */; };
		E31AFEBE2119B13900B0E027 /* libippiw.a in Frameworks */ = {isa = PBXBuildFile; fileRef = E357D6282118A1550083694D /* libippiw.a */; };
		E31AFEBF2119B13900B0E027 /* libittnotify.a in Frameworks */ = {isa = PBXBuildFile; fileRef = E357D62A2118A1550083694D /* libittnotify.a */; };
		E31AFEC02119B13900B0E027 /* liblibjasper.a in Frameworks */ = {isa = PBXBuildFile; fileRef = E357D62B2118A1550083694D /* liblibjasper.a */; };
		E31AFEC12119B13900B0E027 /* liblibjpeg.a in Frameworks */ = {isa = PBXBuildFile; fileRef = E357D62D2118A1550083694D /* liblibjpeg.a */; };
		E31AFEC22119B13900B0E027 /* liblibpng.a in Frameworks */ = {isa = PBXBuildFile; fileRef = E357D6242118A1540083694D /* liblibpng.a */; };
		E31AFEC32119B13900B0E027 /* liblibprotobuf.a in Frameworks */ = {isa = PBXBuildFile; fileRef = E357D6252118A1540083694D /* liblibprotobuf.a */; };
		E31AFEC42119B13900B0E027 /* liblibtiff.a in Frameworks */ = {isa = PBXBuildFile; fileRef = E357D62E2118A1550083694D /* liblibtiff.a */; };
		E31AFEC52119B13900B0E027 /* liblibwebp.a in Frameworks */ = {isa = PBXBuildFile; fileRef = E357D6262118A1540083694D /* liblibwebp.a */; };
		E357D6372118A1550083694D /* libzlib.a in Frameworks */ = {isa = PBXBuildFile; fileRef = E357D62C2118A1550083694D /* libzlib.a */; };
		E36074262110412700E4AF3B /* Patch_experts.cpp in Sources */ = {isa = PBXBuildFile; fileRef = E36073FD2110411E00E4AF3B /* Patch_experts.cpp */; };
		E36074272110412700E4AF3B /* libcurl in Resources */ = {isa = PBXBuildFile; fileRef = E36073FE2110411F00E4AF3B /* libcurl */; };
		E36074292110412800E4AF3B /* LandmarkDetectorParameters.cpp in Sources */ = {isa = PBXBuildFile; fileRef = E36074022110411F00E4AF3B /* LandmarkDetectorParameters.cpp */; };
		E360742A2110412800E4AF3B /* main_old.cpp in Sources */ = {isa = PBXBuildFile; fileRef = E36074032110411F00E4AF3B /* main_old.cpp */; };
		E360742B2110412800E4AF3B /* uid.txt in Resources */ = {isa = PBXBuildFile; fileRef = E36074042110412000E4AF3B /* uid.txt */; };
		E360742D2110412800E4AF3B /* Source.cpp in Sources */ = {isa = PBXBuildFile; fileRef = E36074072110412000E4AF3B /* Source.cpp */; };
		E360742E2110412800E4AF3B /* CCNF_patch.cpp in Sources */ = {isa = PBXBuildFile; fileRef = E36074082110412000E4AF3B /* CCNF_patch.cpp */; };
		E36074302110412800E4AF3B /* LandmarkDetectorFunc.cpp in Sources */ = {isa = PBXBuildFile; fileRef = E360740B2110412100E4AF3B /* LandmarkDetectorFunc.cpp */; };
		E36074312110412800E4AF3B /* PAW.cpp in Sources */ = {isa = PBXBuildFile; fileRef = E360740C2110412100E4AF3B /* PAW.cpp */; };
		E36074322110412800E4AF3B /* detect_motion.cpp in Sources */ = {isa = PBXBuildFile; fileRef = E360740E2110412100E4AF3B /* detect_motion.cpp */; };
		E36074332110412800E4AF3B /* param.txt in Resources */ = {isa = PBXBuildFile; fileRef = E36074102110412200E4AF3B /* param.txt */; };
		E36074342110412800E4AF3B /* x64 in Resources */ = {isa = PBXBuildFile; fileRef = E36074122110412300E4AF3B /* x64 */; };
		E36074352110412800E4AF3B /* PDM.cpp in Sources */ = {isa = PBXBuildFile; fileRef = E36074132110412300E4AF3B /* PDM.cpp */; };
		E36074372110412800E4AF3B /* haarcascade2.xml in Resources */ = {isa = PBXBuildFile; fileRef = E36074182110412500E4AF3B /* haarcascade2.xml */; };
		E36074392110412800E4AF3B /* LandmarkDetectionValidator.cpp in Sources */ = {isa = PBXBuildFile; fileRef = E360741A2110412500E4AF3B /* LandmarkDetectionValidator.cpp */; };
		E360743B2110412800E4AF3B /* stdafx.cpp in Sources */ = {isa = PBXBuildFile; fileRef = E360741E2110412600E4AF3B /* stdafx.cpp */; };
		E360743D2110412800E4AF3B /* SVR_patch.cpp in Sources */ = {isa = PBXBuildFile; fileRef = E36074222110412700E4AF3B /* SVR_patch.cpp */; };
		E360743E2110412800E4AF3B /* LandmarkDetectorModel.cpp in Sources */ = {isa = PBXBuildFile; fileRef = E36074232110412700E4AF3B /* LandmarkDetectorModel.cpp */; };
		E360743F2110412800E4AF3B /* GazeEstimation.cpp in Sources */ = {isa = PBXBuildFile; fileRef = E36074242110412700E4AF3B /* GazeEstimation.cpp */; };
		E37C3253210B59620043F3E4 /* test_console in Resources */ = {isa = PBXBuildFile; fileRef = E37C323E210B59610043F3E4 /* test_console */; };
		E37C3270210B627B0043F3E4 /* CPPConnect.mm in Sources */ = {isa = PBXBuildFile; fileRef = E37C326F210B627B0043F3E4 /* CPPConnect.mm */; };
		E3E9348421149A7A00FBA58B /* libcurl.tbd in Frameworks */ = {isa = PBXBuildFile; fileRef = E3E9348321149A7A00FBA58B /* libcurl.tbd */; };
/* End PBXBuildFile section */

/* Begin PBXCopyFilesBuildPhase section */
		E31AFB802119801200B0E027 /* Embed Frameworks */ = {
			isa = PBXCopyFilesBuildPhase;
			buildActionMask = 2147483647;
			dstPath = "";
			dstSubfolderSpec = 10;
			files = (
				E31AFB7F2119801100B0E027 /* AVFoundation.framework in Embed Frameworks */,
			);
			name = "Embed Frameworks";
			runOnlyForDeploymentPostprocessing = 0;
		};
/* End PBXCopyFilesBuildPhase section */

/* Begin PBXFileReference section */
		E3073FE02108AA590073E8CD /* MenuService.swift */ = {isa = PBXFileReference; lastKnownFileType = sourcecode.swift; path = MenuService.swift; sourceTree = "<group>"; };
		E3073FE22108AA690073E8CD /* FeedbackService.swift */ = {isa = PBXFileReference; lastKnownFileType = sourcecode.swift; path = FeedbackService.swift; sourceTree = "<group>"; };
		E3073FE42108AB100073E8CD /* DeviceService.swift */ = {isa = PBXFileReference; lastKnownFileType = sourcecode.swift; path = DeviceService.swift; sourceTree = "<group>"; };
		E3073FE62108AE610073E8CD /* FatigueControlService.swift */ = {isa = PBXFileReference; lastKnownFileType = sourcecode.swift; path = FatigueControlService.swift; sourceTree = "<group>"; };
		E3073FE82108B1710073E8CD /* StatusItemService.swift */ = {isa = PBXFileReference; lastKnownFileType = sourcecode.swift; path = StatusItemService.swift; sourceTree = "<group>"; };
		E30B15B62111BB3B00B2E432 /* model */ = {isa = PBXFileReference; lastKnownFileType = folder; name = model; path = ../SleepDetect/model; sourceTree = "<group>"; };
		E30B15DD2113202900B2E432 /* BackendService.swift */ = {isa = PBXFileReference; lastKnownFileType = sourcecode.swift; path = BackendService.swift; sourceTree = "<group>"; };
		E30B15DF2113260800B2E432 /* FatigueModel.swift */ = {isa = PBXFileReference; lastKnownFileType = sourcecode.swift; path = FatigueModel.swift; sourceTree = "<group>"; };
		E30B15E1211346A300B2E432 /* FaceDetect.cpp */ = {isa = PBXFileReference; fileEncoding = 4; lastKnownFileType = sourcecode.cpp.cpp; path = FaceDetect.cpp; sourceTree = "<group>"; };
		E30B15E32113471800B2E432 /* FaceDetect.h */ = {isa = PBXFileReference; fileEncoding = 4; lastKnownFileType = sourcecode.c.h; path = FaceDetect.h; sourceTree = "<group>"; };
		E30B15E52113474300B2E432 /* LandmarkDetectorUtils.h */ = {isa = PBXFileReference; fileEncoding = 4; lastKnownFileType = sourcecode.c.h; path = LandmarkDetectorUtils.h; sourceTree = "<group>"; };
		E30B15E62113474300B2E432 /* TestThread.h */ = {isa = PBXFileReference; fileEncoding = 4; lastKnownFileType = sourcecode.c.h; path = TestThread.h; sourceTree = "<group>"; };
		E30B15E72113474300B2E432 /* TestThread.cpp */ = {isa = PBXFileReference; fileEncoding = 4; lastKnownFileType = sourcecode.cpp.cpp; path = TestThread.cpp; sourceTree = "<group>"; };
		E30B15E82113474300B2E432 /* LandmarkDetectorUtils.cpp */ = {isa = PBXFileReference; fileEncoding = 4; lastKnownFileType = sourcecode.cpp.cpp; path = LandmarkDetectorUtils.cpp; sourceTree = "<group>"; };
		E31A021E2119C0B800B0E027 /* OpenCL.framework */ = {isa = PBXFileReference; lastKnownFileType = wrapper.framework; name = OpenCL.framework; path = System/Library/Frameworks/OpenCL.framework; sourceTree = SDKROOT; };
		E31A02202119C0C500B0E027 /* Accelerate.framework */ = {isa = PBXFileReference; lastKnownFileType = wrapper.framework; name = Accelerate.framework; path = System/Library/Frameworks/Accelerate.framework; sourceTree = SDKROOT; };
		E31A69B321073AF000C34CA2 /* Vigor.app */ = {isa = PBXFileReference; explicitFileType = wrapper.application; includeInIndex = 0; path = Vigor.app; sourceTree = BUILT_PRODUCTS_DIR; };
		E31A69B621073AF000C34CA2 /* AppDelegate.swift */ = {isa = PBXFileReference; lastKnownFileType = sourcecode.swift; path = AppDelegate.swift; sourceTree = "<group>"; };
		E31A69B821073AF000C34CA2 /* ViewController.swift */ = {isa = PBXFileReference; lastKnownFileType = sourcecode.swift; path = ViewController.swift; sourceTree = "<group>"; };
		E31A69BA21073AF100C34CA2 /* Assets.xcassets */ = {isa = PBXFileReference; lastKnownFileType = folder.assetcatalog; path = Assets.xcassets; sourceTree = "<group>"; };
		E31A69BD21073AF100C34CA2 /* Base */ = {isa = PBXFileReference; lastKnownFileType = file.storyboard; name = Base; path = Base.lproj/Main.storyboard; sourceTree = "<group>"; };
		E31A69BF21073AF100C34CA2 /* Info.plist */ = {isa = PBXFileReference; lastKnownFileType = text.plist.xml; path = Info.plist; sourceTree = "<group>"; };
		E31A69C021073AF100C34CA2 /* Vigor.entitlements */ = {isa = PBXFileReference; lastKnownFileType = text.plist.entitlements; path = Vigor.entitlements; sourceTree = "<group>"; };
		E31AFB732118C36D00B0E027 /* AVFoundation.framework */ = {isa = PBXFileReference; lastKnownFileType = wrapper.framework; name = AVFoundation.framework; path = System/Library/Frameworks/AVFoundation.framework; sourceTree = SDKROOT; };
		E31AFB7B2118CA1600B0E027 /* classifiers */ = {isa = PBXFileReference; lastKnownFileType = folder; path = classifiers; sourceTree = "<group>"; };
		E31AFE862119B0C700B0E027 /* libippiw.a */ = {isa = PBXFileReference; lastKnownFileType = archive.ar; name = libippiw.a; path = ../../../../../usr/local/lib/libippiw.a; sourceTree = "<group>"; };
		E31AFE872119B0C700B0E027 /* libippicv.a */ = {isa = PBXFileReference; lastKnownFileType = archive.ar; name = libippicv.a; path = ../../../../../usr/local/lib/libippicv.a; sourceTree = "<group>"; };
		E31AFE882119B0C700B0E027 /* liblibjasper.a */ = {isa = PBXFileReference; lastKnownFileType = archive.ar; name = liblibjasper.a; path = ../../../../../usr/local/lib/liblibjasper.a; sourceTree = "<group>"; };
		E31AFE892119B0C700B0E027 /* liblibjpeg.a */ = {isa = PBXFileReference; lastKnownFileType = archive.ar; name = liblibjpeg.a; path = ../../../../../usr/local/lib/liblibjpeg.a; sourceTree = "<group>"; };
		E31AFE8A2119B0C700B0E027 /* libIlmImf.a */ = {isa = PBXFileReference; lastKnownFileType = archive.ar; name = libIlmImf.a; path = ../../../../../usr/local/lib/libIlmImf.a; sourceTree = "<group>"; };
		E31AFE8B2119B0C800B0E027 /* liblibpng.a */ = {isa = PBXFileReference; lastKnownFileType = archive.ar; name = liblibpng.a; path = ../../../../../usr/local/lib/liblibpng.a; sourceTree = "<group>"; };
		E31AFE8C2119B0C800B0E027 /* libittnotify.a */ = {isa = PBXFileReference; lastKnownFileType = archive.ar; name = libittnotify.a; path = ../../../../../usr/local/lib/libittnotify.a; sourceTree = "<group>"; };
		E31AFE962119B0EC00B0E027 /* libpng.a */ = {isa = PBXFileReference; lastKnownFileType = archive.ar; name = libpng.a; path = ../../../../../usr/local/lib/libpng.a; sourceTree = "<group>"; };
		E31AFE982119B0EC00B0E027 /* libpng16.a */ = {isa = PBXFileReference; lastKnownFileType = archive.ar; name = libpng16.a; path = ../../../../../usr/local/lib/libpng16.a; sourceTree = "<group>"; };
		E31AFE992119B0EC00B0E027 /* libzlib.a */ = {isa = PBXFileReference; lastKnownFileType = archive.ar; name = libzlib.a; path = ../../../../../usr/local/lib/libzlib.a; sourceTree = "<group>"; };
		E31AFE9F2119B13900B0E027 /* Vigor.xcodeproj */ = {isa = PBXFileReference; lastKnownFileType = "wrapper.pb-project"; name = Vigor.xcodeproj; path = "/Users/alexross/Desktop/VigorApp/vigor-osx-app/Vigor.xcodeproj"; sourceTree = "<absolute>"; };
		E357D6242118A1540083694D /* liblibpng.a */ = {isa = PBXFileReference; lastKnownFileType = archive.ar; name = liblibpng.a; path = ../../../../../usr/local/share/OpenCV/3rdparty/lib/liblibpng.a; sourceTree = "<group>"; };
		E357D6252118A1540083694D /* liblibprotobuf.a */ = {isa = PBXFileReference; lastKnownFileType = archive.ar; name = liblibprotobuf.a; path = ../../../../../usr/local/share/OpenCV/3rdparty/lib/liblibprotobuf.a; sourceTree = "<group>"; };
		E357D6262118A1540083694D /* liblibwebp.a */ = {isa = PBXFileReference; lastKnownFileType = archive.ar; name = liblibwebp.a; path = ../../../../../usr/local/share/OpenCV/3rdparty/lib/liblibwebp.a; sourceTree = "<group>"; };
		E357D6272118A1540083694D /* libIlmImf.a */ = {isa = PBXFileReference; lastKnownFileType = archive.ar; name = libIlmImf.a; path = ../../../../../usr/local/share/OpenCV/3rdparty/lib/libIlmImf.a; sourceTree = "<group>"; };
		E357D6282118A1550083694D /* libippiw.a */ = {isa = PBXFileReference; lastKnownFileType = archive.ar; name = libippiw.a; path = ../../../../../usr/local/share/OpenCV/3rdparty/lib/libippiw.a; sourceTree = "<group>"; };
		E357D6292118A1550083694D /* libippicv.a */ = {isa = PBXFileReference; lastKnownFileType = archive.ar; name = libippicv.a; path = ../../../../../usr/local/share/OpenCV/3rdparty/lib/libippicv.a; sourceTree = "<group>"; };
		E357D62A2118A1550083694D /* libittnotify.a */ = {isa = PBXFileReference; lastKnownFileType = archive.ar; name = libittnotify.a; path = ../../../../../usr/local/share/OpenCV/3rdparty/lib/libittnotify.a; sourceTree = "<group>"; };
		E357D62B2118A1550083694D /* liblibjasper.a */ = {isa = PBXFileReference; lastKnownFileType = archive.ar; name = liblibjasper.a; path = ../../../../../usr/local/share/OpenCV/3rdparty/lib/liblibjasper.a; sourceTree = "<group>"; };
		E357D62C2118A1550083694D /* libzlib.a */ = {isa = PBXFileReference; lastKnownFileType = archive.ar; name = libzlib.a; path = ../../../../../usr/local/share/OpenCV/3rdparty/lib/libzlib.a; sourceTree = "<group>"; };
		E357D62D2118A1550083694D /* liblibjpeg.a */ = {isa = PBXFileReference; lastKnownFileType = archive.ar; name = liblibjpeg.a; path = ../../../../../usr/local/share/OpenCV/3rdparty/lib/liblibjpeg.a; sourceTree = "<group>"; };
		E357D62E2118A1550083694D /* liblibtiff.a */ = {isa = PBXFileReference; lastKnownFileType = archive.ar; name = liblibtiff.a; path = ../../../../../usr/local/share/OpenCV/3rdparty/lib/liblibtiff.a; sourceTree = "<group>"; };
		E357D63A2118A2EC0083694D /* libopencv_video.a */ = {isa = PBXFileReference; lastKnownFileType = archive.ar; name = libopencv_video.a; path = ../../../../../usr/local/lib/libopencv_video.a; sourceTree = "<group>"; };
		E357D63B2118A2EC0083694D /* libopencv_videoio.a */ = {isa = PBXFileReference; lastKnownFileType = archive.ar; name = libopencv_videoio.a; path = ../../../../../usr/local/lib/libopencv_videoio.a; sourceTree = "<group>"; };
		E357D63C2118A2EC0083694D /* libopencv_superres.a */ = {isa = PBXFileReference; lastKnownFileType = archive.ar; name = libopencv_superres.a; path = ../../../../../usr/local/lib/libopencv_superres.a; sourceTree = "<group>"; };
		E357D63D2118A2EC0083694D /* libopencv_videostab.a */ = {isa = PBXFileReference; lastKnownFileType = archive.ar; name = libopencv_videostab.a; path = ../../../../../usr/local/lib/libopencv_videostab.a; sourceTree = "<group>"; };
		E357D6462118A32D0083694D /* libopencv_imgcodecs.a */ = {isa = PBXFileReference; lastKnownFileType = archive.ar; name = libopencv_imgcodecs.a; path = ../../../../../usr/local/lib/libopencv_imgcodecs.a; sourceTree = "<group>"; };
		E357D6472118A32D0083694D /* libopencv_objdetect.a */ = {isa = PBXFileReference; lastKnownFileType = archive.ar; name = libopencv_objdetect.a; path = ../../../../../usr/local/lib/libopencv_objdetect.a; sourceTree = "<group>"; };
		E357D6482118A32D0083694D /* libopencv_core.a */ = {isa = PBXFileReference; lastKnownFileType = archive.ar; name = libopencv_core.a; path = ../../../../../usr/local/lib/libopencv_core.a; sourceTree = "<group>"; };
		E357D6492118A32D0083694D /* libopencv_photo.a */ = {isa = PBXFileReference; lastKnownFileType = archive.ar; name = libopencv_photo.a; path = ../../../../../usr/local/lib/libopencv_photo.a; sourceTree = "<group>"; };
		E357D64A2118A32E0083694D /* libopencv_stitching.a */ = {isa = PBXFileReference; lastKnownFileType = archive.ar; name = libopencv_stitching.a; path = ../../../../../usr/local/lib/libopencv_stitching.a; sourceTree = "<group>"; };
		E357D64B2118A32E0083694D /* libopencv_shape.a */ = {isa = PBXFileReference; lastKnownFileType = archive.ar; name = libopencv_shape.a; path = ../../../../../usr/local/lib/libopencv_shape.a; sourceTree = "<group>"; };
		E357D64C2118A32E0083694D /* libopencv_calib3d.a */ = {isa = PBXFileReference; lastKnownFileType = archive.ar; name = libopencv_calib3d.a; path = ../../../../../usr/local/lib/libopencv_calib3d.a; sourceTree = "<group>"; };
		E357D64D2118A32E0083694D /* libopencv_ml.a */ = {isa = PBXFileReference; lastKnownFileType = archive.ar; name = libopencv_ml.a; path = ../../../../../usr/local/lib/libopencv_ml.a; sourceTree = "<group>"; };
		E357D64E2118A32E0083694D /* libopencv_dnn.a */ = {isa = PBXFileReference; lastKnownFileType = archive.ar; name = libopencv_dnn.a; path = ../../../../../usr/local/lib/libopencv_dnn.a; sourceTree = "<group>"; };
		E357D64F2118A32E0083694D /* libopencv_imgproc.a */ = {isa = PBXFileReference; lastKnownFileType = archive.ar; name = libopencv_imgproc.a; path = ../../../../../usr/local/lib/libopencv_imgproc.a; sourceTree = "<group>"; };
		E357D6502118A32E0083694D /* libopencv_flann.a */ = {isa = PBXFileReference; lastKnownFileType = archive.ar; name = libopencv_flann.a; path = ../../../../../usr/local/lib/libopencv_flann.a; sourceTree = "<group>"; };
		E357D6512118A32F0083694D /* libopencv_highgui.a */ = {isa = PBXFileReference; lastKnownFileType = archive.ar; name = libopencv_highgui.a; path = ../../../../../usr/local/lib/libopencv_highgui.a; sourceTree = "<group>"; };
		E357D6522118A32F0083694D /* libopencv_features2d.a */ = {isa = PBXFileReference; lastKnownFileType = archive.ar; name = libopencv_features2d.a; path = ../../../../../usr/local/lib/libopencv_features2d.a; sourceTree = "<group>"; };
		E36073FD2110411E00E4AF3B /* Patch_experts.cpp */ = {isa = PBXFileReference; fileEncoding = 4; lastKnownFileType = sourcecode.cpp.cpp; name = Patch_experts.cpp; path = ../../../SleepDetect/Patch_experts.cpp; sourceTree = "<group>"; };
		E36073FE2110411F00E4AF3B /* libcurl */ = {isa = PBXFileReference; lastKnownFileType = folder; path = libcurl; sourceTree = "<group>"; };
		E36074022110411F00E4AF3B /* LandmarkDetectorParameters.cpp */ = {isa = PBXFileReference; fileEncoding = 4; lastKnownFileType = sourcecode.cpp.cpp; name = LandmarkDetectorParameters.cpp; path = ../../../SleepDetect/LandmarkDetectorParameters.cpp; sourceTree = "<group>"; };
		E36074032110411F00E4AF3B /* main_old.cpp */ = {isa = PBXFileReference; fileEncoding = 4; lastKnownFileType = sourcecode.cpp.cpp; path = main_old.cpp; sourceTree = "<group>"; };
		E36074042110412000E4AF3B /* uid.txt */ = {isa = PBXFileReference; fileEncoding = 4; lastKnownFileType = text; path = uid.txt; sourceTree = "<group>"; };
		E36074052110412000E4AF3B /* Patch_experts.h */ = {isa = PBXFileReference; fileEncoding = 4; lastKnownFileType = sourcecode.c.h; path = Patch_experts.h; sourceTree = "<group>"; };
		E36074072110412000E4AF3B /* Source.cpp */ = {isa = PBXFileReference; fileEncoding = 4; lastKnownFileType = sourcecode.cpp.cpp; path = Source.cpp; sourceTree = "<group>"; };
		E36074082110412000E4AF3B /* CCNF_patch.cpp */ = {isa = PBXFileReference; fileEncoding = 4; lastKnownFileType = sourcecode.cpp.cpp; path = CCNF_patch.cpp; sourceTree = "<group>"; };
		E360740A2110412100E4AF3B /* GazeEstimation.h */ = {isa = PBXFileReference; fileEncoding = 4; lastKnownFileType = sourcecode.c.h; path = GazeEstimation.h; sourceTree = "<group>"; };
		E360740B2110412100E4AF3B /* LandmarkDetectorFunc.cpp */ = {isa = PBXFileReference; fileEncoding = 4; lastKnownFileType = sourcecode.cpp.cpp; name = LandmarkDetectorFunc.cpp; path = ../../../SleepDetect/LandmarkDetectorFunc.cpp; sourceTree = "<group>"; };
		E360740C2110412100E4AF3B /* PAW.cpp */ = {isa = PBXFileReference; fileEncoding = 4; lastKnownFileType = sourcecode.cpp.cpp; name = PAW.cpp; path = ../../../SleepDetect/PAW.cpp; sourceTree = "<group>"; };
		E360740D2110412100E4AF3B /* PDM.h */ = {isa = PBXFileReference; fileEncoding = 4; lastKnownFileType = sourcecode.c.h; path = PDM.h; sourceTree = "<group>"; };
		E360740E2110412100E4AF3B /* detect_motion.cpp */ = {isa = PBXFileReference; fileEncoding = 4; lastKnownFileType = sourcecode.cpp.cpp; name = detect_motion.cpp; path = ../../../SleepDetect/detect_motion.cpp; sourceTree = "<group>"; };
		E360740F2110412100E4AF3B /* stdafx.h */ = {isa = PBXFileReference; fileEncoding = 4; lastKnownFileType = sourcecode.c.h; path = stdafx.h; sourceTree = "<group>"; };
		E36074102110412200E4AF3B /* param.txt */ = {isa = PBXFileReference; fileEncoding = 4; lastKnownFileType = text; path = param.txt; sourceTree = "<group>"; };
		E36074112110412200E4AF3B /* LandmarkCoreIncludes.h */ = {isa = PBXFileReference; fileEncoding = 4; lastKnownFileType = sourcecode.c.h; path = LandmarkCoreIncludes.h; sourceTree = "<group>"; };
		E36074122110412300E4AF3B /* x64 */ = {isa = PBXFileReference; lastKnownFileType = folder; path = x64; sourceTree = "<group>"; };
		E36074132110412300E4AF3B /* PDM.cpp */ = {isa = PBXFileReference; fileEncoding = 4; lastKnownFileType = sourcecode.cpp.cpp; name = PDM.cpp; path = ../../../SleepDetect/PDM.cpp; sourceTree = "<group>"; };
		E36074162110412400E4AF3B /* LandmarkDetectorParameters.h */ = {isa = PBXFileReference; fileEncoding = 4; lastKnownFileType = sourcecode.c.h; path = LandmarkDetectorParameters.h; sourceTree = "<group>"; };
		E36074172110412400E4AF3B /* CCNF_patch.h */ = {isa = PBXFileReference; fileEncoding = 4; lastKnownFileType = sourcecode.c.h; path = CCNF_patch.h; sourceTree = "<group>"; };
		E36074182110412500E4AF3B /* haarcascade2.xml */ = {isa = PBXFileReference; fileEncoding = 4; lastKnownFileType = text.xml; path = haarcascade2.xml; sourceTree = "<group>"; };
		E360741A2110412500E4AF3B /* LandmarkDetectionValidator.cpp */ = {isa = PBXFileReference; fileEncoding = 4; lastKnownFileType = sourcecode.cpp.cpp; name = LandmarkDetectionValidator.cpp; path = ../../../SleepDetect/LandmarkDetectionValidator.cpp; sourceTree = "<group>"; };
		E360741C2110412600E4AF3B /* LandmarkDetectorModel.h */ = {isa = PBXFileReference; fileEncoding = 4; lastKnownFileType = sourcecode.c.h; path = LandmarkDetectorModel.h; sourceTree = "<group>"; };
		E360741D2110412600E4AF3B /* LandmarkDetectionValidator.h */ = {isa = PBXFileReference; fileEncoding = 4; lastKnownFileType = sourcecode.c.h; path = LandmarkDetectionValidator.h; sourceTree = "<group>"; };
		E360741E2110412600E4AF3B /* stdafx.cpp */ = {isa = PBXFileReference; fileEncoding = 4; lastKnownFileType = sourcecode.cpp.cpp; name = stdafx.cpp; path = ../../../SleepDetect/stdafx.cpp; sourceTree = "<group>"; };
		E360741F2110412600E4AF3B /* LandmarkDetectorFunc.h */ = {isa = PBXFileReference; fileEncoding = 4; lastKnownFileType = sourcecode.c.h; path = LandmarkDetectorFunc.h; sourceTree = "<group>"; };
		E36074212110412700E4AF3B /* PAW.h */ = {isa = PBXFileReference; fileEncoding = 4; lastKnownFileType = sourcecode.c.h; path = PAW.h; sourceTree = "<group>"; };
		E36074222110412700E4AF3B /* SVR_patch.cpp */ = {isa = PBXFileReference; fileEncoding = 4; lastKnownFileType = sourcecode.cpp.cpp; path = SVR_patch.cpp; sourceTree = "<group>"; };
		E36074232110412700E4AF3B /* LandmarkDetectorModel.cpp */ = {isa = PBXFileReference; fileEncoding = 4; lastKnownFileType = sourcecode.cpp.cpp; name = LandmarkDetectorModel.cpp; path = ../../../SleepDetect/LandmarkDetectorModel.cpp; sourceTree = "<group>"; };
		E36074242110412700E4AF3B /* GazeEstimation.cpp */ = {isa = PBXFileReference; fileEncoding = 4; lastKnownFileType = sourcecode.cpp.cpp; name = GazeEstimation.cpp; path = ../../../SleepDetect/GazeEstimation.cpp; sourceTree = "<group>"; };
		E36074252110412700E4AF3B /* SVR_patch.h */ = {isa = PBXFileReference; fileEncoding = 4; lastKnownFileType = sourcecode.c.h; path = SVR_patch.h; sourceTree = "<group>"; };
		E37C3232210B595D0043F3E4 /* Vigor-Bridging-Header.h */ = {isa = PBXFileReference; lastKnownFileType = sourcecode.c.h; path = "Vigor-Bridging-Header.h"; sourceTree = "<group>"; };
		E37C323E210B59610043F3E4 /* test_console */ = {isa = PBXFileReference; lastKnownFileType = folder; path = test_console; sourceTree = "<group>"; };
		E37C326E210B62110043F3E4 /* CPPConnectHeader.h */ = {isa = PBXFileReference; lastKnownFileType = sourcecode.c.h; path = CPPConnectHeader.h; sourceTree = "<group>"; };
		E37C326F210B627B0043F3E4 /* CPPConnect.mm */ = {isa = PBXFileReference; lastKnownFileType = sourcecode.cpp.objcpp; path = CPPConnect.mm; sourceTree = "<group>"; };
		E3E9348321149A7A00FBA58B /* libcurl.tbd */ = {isa = PBXFileReference; lastKnownFileType = "sourcecode.text-based-dylib-definition"; name = libcurl.tbd; path = usr/lib/libcurl.tbd; sourceTree = SDKROOT; };
/* End PBXFileReference section */

/* Begin PBXFrameworksBuildPhase section */
		E31A69B021073AF000C34CA2 /* Frameworks */ = {
			isa = PBXFrameworksBuildPhase;
			buildActionMask = 2147483647;
			files = (
				E31AFEA02119B13900B0E027 /* Vigor.xcodeproj in Frameworks */,
				E31AFEA12119B13900B0E027 /* libpng.a in Frameworks */,
				E31AFEA22119B13900B0E027 /* libpng16.a in Frameworks */,
				E31AFEA32119B13900B0E027 /* libzlib.a in Frameworks */,
				E31AFEA42119B13900B0E027 /* libIlmImf.a in Frameworks */,
				E31AFEA52119B13900B0E027 /* libippicv.a in Frameworks */,
				E31AFEA62119B13900B0E027 /* libippiw.a in Frameworks */,
				E31AFEA72119B13900B0E027 /* libittnotify.a in Frameworks */,
				E31AFEA82119B13900B0E027 /* liblibjasper.a in Frameworks */,
				E31AFEA92119B13900B0E027 /* liblibjpeg.a in Frameworks */,
				E31AFEAA2119B13900B0E027 /* liblibpng.a in Frameworks */,
				E31AFEAB2119B13900B0E027 /* libopencv_calib3d.a in Frameworks */,
				E31AFEAC2119B13900B0E027 /* libopencv_core.a in Frameworks */,
				E31AFEAD2119B13900B0E027 /* libopencv_dnn.a in Frameworks */,
				E31AFEAE2119B13900B0E027 /* libopencv_features2d.a in Frameworks */,
				E31AFEAF2119B13900B0E027 /* libopencv_flann.a in Frameworks */,
				E31AFEB02119B13900B0E027 /* libopencv_highgui.a in Frameworks */,
				E31AFEB12119B13900B0E027 /* libopencv_imgcodecs.a in Frameworks */,
				E31AFEB22119B13900B0E027 /* libopencv_imgproc.a in Frameworks */,
				E31AFEB32119B13900B0E027 /* libopencv_ml.a in Frameworks */,
				E31AFEB42119B13900B0E027 /* libopencv_objdetect.a in Frameworks */,
				E31AFEB52119B13900B0E027 /* libopencv_photo.a in Frameworks */,
				E31AFEB62119B13900B0E027 /* libopencv_shape.a in Frameworks */,
				E31AFEB72119B13900B0E027 /* libopencv_stitching.a in Frameworks */,
				E31AFEB82119B13900B0E027 /* libopencv_superres.a in Frameworks */,
				E31AFEB92119B13900B0E027 /* libopencv_video.a in Frameworks */,
				E31AFEBA2119B13900B0E027 /* libopencv_videoio.a in Frameworks */,
				E31AFEBB2119B13900B0E027 /* libopencv_videostab.a in Frameworks */,
				E31AFEBC2119B13900B0E027 /* libIlmImf.a in Frameworks */,
				E31AFEBD2119B13900B0E027 /* libippicv.a in Frameworks */,
				E31AFEBE2119B13900B0E027 /* libippiw.a in Frameworks */,
				E31AFEBF2119B13900B0E027 /* libittnotify.a in Frameworks */,
				E31AFEC02119B13900B0E027 /* liblibjasper.a in Frameworks */,
				E31AFEC12119B13900B0E027 /* liblibjpeg.a in Frameworks */,
				E31AFEC22119B13900B0E027 /* liblibpng.a in Frameworks */,
				E31AFEC32119B13900B0E027 /* liblibprotobuf.a in Frameworks */,
				E31AFEC42119B13900B0E027 /* liblibtiff.a in Frameworks */,
				E31AFEC52119B13900B0E027 /* liblibwebp.a in Frameworks */,
				E31AFB7E2119801100B0E027 /* AVFoundation.framework in Frameworks */,
				E357D6372118A1550083694D /* libzlib.a in Frameworks */,
				E3E9348421149A7A00FBA58B /* libcurl.tbd in Frameworks */,
			);
			runOnlyForDeploymentPostprocessing = 0;
		};
/* End PBXFrameworksBuildPhase section */

/* Begin PBXGroup section */
		E31A69AA21073AF000C34CA2 = {
			isa = PBXGroup;
			children = (
				E31AFB7B2118CA1600B0E027 /* classifiers */,
				E30B15B62111BB3B00B2E432 /* model */,
				E31A69B521073AF000C34CA2 /* Vigor */,
				E31A69B421073AF000C34CA2 /* Products */,
				E37C326B210B5D150043F3E4 /* Frameworks */,
			);
			sourceTree = "<group>";
		};
		E31A69B421073AF000C34CA2 /* Products */ = {
			isa = PBXGroup;
			children = (
				E31A69B321073AF000C34CA2 /* Vigor.app */,
			);
			name = Products;
			sourceTree = "<group>";
		};
		E31A69B521073AF000C34CA2 /* Vigor */ = {
			isa = PBXGroup;
			children = (
				E31AFFBE2119BB1900B0E027 /* OpenCVHeaders */,
				E37C326E210B62110043F3E4 /* CPPConnectHeader.h */,
				E37C326F210B627B0043F3E4 /* CPPConnect.mm */,
				E31A69B621073AF000C34CA2 /* AppDelegate.swift */,
				E30B15DD2113202900B2E432 /* BackendService.swift */,
				E3073FE02108AA590073E8CD /* MenuService.swift */,
				E3073FE42108AB100073E8CD /* DeviceService.swift */,
				E3073FE22108AA690073E8CD /* FeedbackService.swift */,
				E3073FE82108B1710073E8CD /* StatusItemService.swift */,
				E3073FE62108AE610073E8CD /* FatigueControlService.swift */,
				E30B15DF2113260800B2E432 /* FatigueModel.swift */,
				E31A69C62107583300C34CA2 /* Algoritm */,
				E31A69BA21073AF100C34CA2 /* Assets.xcassets */,
				E31A69B821073AF000C34CA2 /* ViewController.swift */,
				E31A69BC21073AF100C34CA2 /* Main.storyboard */,
				E31A69BF21073AF100C34CA2 /* Info.plist */,
				E31A69C021073AF100C34CA2 /* Vigor.entitlements */,
			);
			path = Vigor;
			sourceTree = "<group>";
		};
		E31A69C62107583300C34CA2 /* Algoritm */ = {
			isa = PBXGroup;
			children = (
				E30B15E82113474300B2E432 /* LandmarkDetectorUtils.cpp */,
				E30B15E52113474300B2E432 /* LandmarkDetectorUtils.h */,
				E30B15E72113474300B2E432 /* TestThread.cpp */,
				E30B15E62113474300B2E432 /* TestThread.h */,
				E30B15E1211346A300B2E432 /* FaceDetect.cpp */,
				E30B15E32113471800B2E432 /* FaceDetect.h */,
				E36074082110412000E4AF3B /* CCNF_patch.cpp */,
				E36074172110412400E4AF3B /* CCNF_patch.h */,
				E360740E2110412100E4AF3B /* detect_motion.cpp */,
				E36074242110412700E4AF3B /* GazeEstimation.cpp */,
				E360740A2110412100E4AF3B /* GazeEstimation.h */,
				E36074182110412500E4AF3B /* haarcascade2.xml */,
				E36074112110412200E4AF3B /* LandmarkCoreIncludes.h */,
				E360741A2110412500E4AF3B /* LandmarkDetectionValidator.cpp */,
				E360741D2110412600E4AF3B /* LandmarkDetectionValidator.h */,
				E360740B2110412100E4AF3B /* LandmarkDetectorFunc.cpp */,
				E360741F2110412600E4AF3B /* LandmarkDetectorFunc.h */,
				E36074232110412700E4AF3B /* LandmarkDetectorModel.cpp */,
				E360741C2110412600E4AF3B /* LandmarkDetectorModel.h */,
				E36074022110411F00E4AF3B /* LandmarkDetectorParameters.cpp */,
				E36074162110412400E4AF3B /* LandmarkDetectorParameters.h */,
				E36073FE2110411F00E4AF3B /* libcurl */,
				E36074032110411F00E4AF3B /* main_old.cpp */,
				E36074102110412200E4AF3B /* param.txt */,
				E36073FD2110411E00E4AF3B /* Patch_experts.cpp */,
				E36074052110412000E4AF3B /* Patch_experts.h */,
				E360740C2110412100E4AF3B /* PAW.cpp */,
				E36074212110412700E4AF3B /* PAW.h */,
				E36074132110412300E4AF3B /* PDM.cpp */,
				E360740D2110412100E4AF3B /* PDM.h */,
				E36074072110412000E4AF3B /* Source.cpp */,
				E360741E2110412600E4AF3B /* stdafx.cpp */,
				E360740F2110412100E4AF3B /* stdafx.h */,
				E36074222110412700E4AF3B /* SVR_patch.cpp */,
				E36074252110412700E4AF3B /* SVR_patch.h */,
				E36074042110412000E4AF3B /* uid.txt */,
				E36074122110412300E4AF3B /* x64 */,
				E37C3232210B595D0043F3E4 /* Vigor-Bridging-Header.h */,
				E37C323E210B59610043F3E4 /* test_console */,
			);
			path = Algoritm;
			sourceTree = "<group>";
		};
		E31AFFBC2119B93B00B0E027 /* Products */ = {
			isa = PBXGroup;
			name = Products;
			sourceTree = "<group>";
		};
		E31AFFBE2119BB1900B0E027 /* OpenCVHeaders */ = {
			isa = PBXGroup;
			children = (
			);
			path = OpenCVHeaders;
			sourceTree = "<group>";
		};
		E37C326B210B5D150043F3E4 /* Frameworks */ = {
			isa = PBXGroup;
			children = (
				E31A02202119C0C500B0E027 /* Accelerate.framework */,
				E31A021E2119C0B800B0E027 /* OpenCL.framework */,
				E31AFE9F2119B13900B0E027 /* Vigor.xcodeproj */,
				E31AFE962119B0EC00B0E027 /* libpng.a */,
				E31AFE982119B0EC00B0E027 /* libpng16.a */,
				E31AFE992119B0EC00B0E027 /* libzlib.a */,
				E31AFE8A2119B0C700B0E027 /* libIlmImf.a */,
				E31AFE872119B0C700B0E027 /* libippicv.a */,
				E31AFE862119B0C700B0E027 /* libippiw.a */,
				E31AFE8C2119B0C800B0E027 /* libittnotify.a */,
				E31AFE882119B0C700B0E027 /* liblibjasper.a */,
				E31AFE892119B0C700B0E027 /* liblibjpeg.a */,
				E31AFE8B2119B0C800B0E027 /* liblibpng.a */,
				E31AFB732118C36D00B0E027 /* AVFoundation.framework */,
				E357D64C2118A32E0083694D /* libopencv_calib3d.a */,
				E357D6482118A32D0083694D /* libopencv_core.a */,
				E357D64E2118A32E0083694D /* libopencv_dnn.a */,
				E357D6522118A32F0083694D /* libopencv_features2d.a */,
				E357D6502118A32E0083694D /* libopencv_flann.a */,
				E357D6512118A32F0083694D /* libopencv_highgui.a */,
				E357D6462118A32D0083694D /* libopencv_imgcodecs.a */,
				E357D64F2118A32E0083694D /* libopencv_imgproc.a */,
				E357D64D2118A32E0083694D /* libopencv_ml.a */,
				E357D6472118A32D0083694D /* libopencv_objdetect.a */,
				E357D6492118A32D0083694D /* libopencv_photo.a */,
				E357D64B2118A32E0083694D /* libopencv_shape.a */,
				E357D64A2118A32E0083694D /* libopencv_stitching.a */,
				E357D63C2118A2EC0083694D /* libopencv_superres.a */,
				E357D63A2118A2EC0083694D /* libopencv_video.a */,
				E357D63B2118A2EC0083694D /* libopencv_videoio.a */,
				E357D63D2118A2EC0083694D /* libopencv_videostab.a */,
				E357D6272118A1540083694D /* libIlmImf.a */,
				E357D6292118A1550083694D /* libippicv.a */,
				E357D6282118A1550083694D /* libippiw.a */,
				E357D62A2118A1550083694D /* libittnotify.a */,
				E357D62B2118A1550083694D /* liblibjasper.a */,
				E357D62D2118A1550083694D /* liblibjpeg.a */,
				E357D6242118A1540083694D /* liblibpng.a */,
				E357D6252118A1540083694D /* liblibprotobuf.a */,
				E357D62E2118A1550083694D /* liblibtiff.a */,
				E357D6262118A1540083694D /* liblibwebp.a */,
				E357D62C2118A1550083694D /* libzlib.a */,
				E3E9348321149A7A00FBA58B /* libcurl.tbd */,
			);
			name = Frameworks;
			sourceTree = "<group>";
		};
/* End PBXGroup section */

/* Begin PBXHeadersBuildPhase section */
		E36074412110538E00E4AF3B /* Headers */ = {
			isa = PBXHeadersBuildPhase;
			buildActionMask = 2147483647;
			files = (
				E30B15EA2113474400B2E432 /* TestThread.h in Headers */,
				E30B15E92113474400B2E432 /* LandmarkDetectorUtils.h in Headers */,
				E30B15E42113471800B2E432 /* FaceDetect.h in Headers */,
			);
			runOnlyForDeploymentPostprocessing = 0;
		};
/* End PBXHeadersBuildPhase section */

/* Begin PBXNativeTarget section */
		E31A69B221073AF000C34CA2 /* Vigor */ = {
			isa = PBXNativeTarget;
			buildConfigurationList = E31A69C321073AF100C34CA2 /* Build configuration list for PBXNativeTarget "Vigor" */;
			buildPhases = (
				E31A69AF21073AF000C34CA2 /* Sources */,
				E31A69B021073AF000C34CA2 /* Frameworks */,
				E31A69B121073AF000C34CA2 /* Resources */,
				E36074412110538E00E4AF3B /* Headers */,
				E31AFB802119801200B0E027 /* Embed Frameworks */,
			);
			buildRules = (
			);
			dependencies = (
			);
			name = Vigor;
			productName = Vigor;
			productReference = E31A69B321073AF000C34CA2 /* Vigor.app */;
			productType = "com.apple.product-type.application";
		};
/* End PBXNativeTarget section */

/* Begin PBXProject section */
		E31A69AB21073AF000C34CA2 /* Project object */ = {
			isa = PBXProject;
			attributes = {
				LastSwiftUpdateCheck = 0940;
				LastUpgradeCheck = 0940;
				ORGANIZATIONNAME = Rentateam;
				TargetAttributes = {
					E31A69B221073AF000C34CA2 = {
						CreatedOnToolsVersion = 9.4.1;
						LastSwiftMigration = 0940;
						SystemCapabilities = {
							com.apple.Sandbox = {
								enabled = 1;
							};
						};
					};
				};
			};
			buildConfigurationList = E31A69AE21073AF000C34CA2 /* Build configuration list for PBXProject "Vigor" */;
			compatibilityVersion = "Xcode 9.3";
			developmentRegion = en;
			hasScannedForEncodings = 0;
			knownRegions = (
				en,
				Base,
			);
			mainGroup = E31A69AA21073AF000C34CA2;
			productRefGroup = E31A69B421073AF000C34CA2 /* Products */;
			projectDirPath = "";
			projectReferences = (
				{
					ProductGroup = E31AFFBC2119B93B00B0E027 /* Products */;
					ProjectRef = E31AFE9F2119B13900B0E027 /* Vigor.xcodeproj */;
				},
			);
			projectRoot = "";
			targets = (
				E31A69B221073AF000C34CA2 /* Vigor */,
			);
		};
/* End PBXProject section */

/* Begin PBXResourcesBuildPhase section */
		E31A69B121073AF000C34CA2 /* Resources */ = {
			isa = PBXResourcesBuildPhase;
			buildActionMask = 2147483647;
			files = (
				E31AFB85211982A500B0E027 /* model in Resources */,
				E31AFB86211982AB00B0E027 /* classifiers in Resources */,
				E36074272110412700E4AF3B /* libcurl in Resources */,
				E31A69BB21073AF100C34CA2 /* Assets.xcassets in Resources */,
				E37C3253210B59620043F3E4 /* test_console in Resources */,
				E31A69BE21073AF100C34CA2 /* Main.storyboard in Resources */,
				E36074342110412800E4AF3B /* x64 in Resources */,
				E36074372110412800E4AF3B /* haarcascade2.xml in Resources */,
				E360742B2110412800E4AF3B /* uid.txt in Resources */,
				E36074332110412800E4AF3B /* param.txt in Resources */,
			);
			runOnlyForDeploymentPostprocessing = 0;
		};
/* End PBXResourcesBuildPhase section */

/* Begin PBXSourcesBuildPhase section */
		E31A69AF21073AF000C34CA2 /* Sources */ = {
			isa = PBXSourcesBuildPhase;
			buildActionMask = 2147483647;
			files = (
				E360742A2110412800E4AF3B /* main_old.cpp in Sources */,
				E31A69B921073AF000C34CA2 /* ViewController.swift in Sources */,
				E36074392110412800E4AF3B /* LandmarkDetectionValidator.cpp in Sources */,
				E3073FE72108AE610073E8CD /* FatigueControlService.swift in Sources */,
				E31A69B721073AF000C34CA2 /* AppDelegate.swift in Sources */,
				E360743F2110412800E4AF3B /* GazeEstimation.cpp in Sources */,
				E37C3270210B627B0043F3E4 /* CPPConnect.mm in Sources */,
				E36074312110412800E4AF3B /* PAW.cpp in Sources */,
				E3073FE32108AA690073E8CD /* FeedbackService.swift in Sources */,
				E30B15EB2113474400B2E432 /* TestThread.cpp in Sources */,
				E30B15E02113260800B2E432 /* FatigueModel.swift in Sources */,
				E360742D2110412800E4AF3B /* Source.cpp in Sources */,
				E3073FE12108AA590073E8CD /* MenuService.swift in Sources */,
				E36074292110412800E4AF3B /* LandmarkDetectorParameters.cpp in Sources */,
				E36074302110412800E4AF3B /* LandmarkDetectorFunc.cpp in Sources */,
				E360742E2110412800E4AF3B /* CCNF_patch.cpp in Sources */,
				E3073FE52108AB100073E8CD /* DeviceService.swift in Sources */,
				E360743D2110412800E4AF3B /* SVR_patch.cpp in Sources */,
				E36074352110412800E4AF3B /* PDM.cpp in Sources */,
				E36074322110412800E4AF3B /* detect_motion.cpp in Sources */,
				E360743E2110412800E4AF3B /* LandmarkDetectorModel.cpp in Sources */,
				E30B15EC2113474400B2E432 /* LandmarkDetectorUtils.cpp in Sources */,
				E360743B2110412800E4AF3B /* stdafx.cpp in Sources */,
				E36074262110412700E4AF3B /* Patch_experts.cpp in Sources */,
				E30B15DE2113202900B2E432 /* BackendService.swift in Sources */,
				E30B15E2211346A300B2E432 /* FaceDetect.cpp in Sources */,
				E3073FE92108B1710073E8CD /* StatusItemService.swift in Sources */,
			);
			runOnlyForDeploymentPostprocessing = 0;
		};
/* End PBXSourcesBuildPhase section */

/* Begin PBXVariantGroup section */
		E31A69BC21073AF100C34CA2 /* Main.storyboard */ = {
			isa = PBXVariantGroup;
			children = (
				E31A69BD21073AF100C34CA2 /* Base */,
			);
			name = Main.storyboard;
			sourceTree = "<group>";
		};
/* End PBXVariantGroup section */

/* Begin XCBuildConfiguration section */
		E31A69C121073AF100C34CA2 /* Debug */ = {
			isa = XCBuildConfiguration;
			buildSettings = {
				ALWAYS_EMBED_SWIFT_STANDARD_LIBRARIES = YES;
				ALWAYS_SEARCH_USER_PATHS = NO;
				CLANG_ANALYZER_NONNULL = YES;
				CLANG_ANALYZER_NUMBER_OBJECT_CONVERSION = YES_AGGRESSIVE;
				CLANG_CXX_LANGUAGE_STANDARD = "gnu++14";
				CLANG_CXX_LIBRARY = "libc++";
				CLANG_ENABLE_MODULES = YES;
				CLANG_ENABLE_OBJC_ARC = YES;
				CLANG_ENABLE_OBJC_WEAK = YES;
				CLANG_WARN_BLOCK_CAPTURE_AUTORELEASING = YES;
				CLANG_WARN_BOOL_CONVERSION = YES;
				CLANG_WARN_COMMA = YES;
				CLANG_WARN_CONSTANT_CONVERSION = YES;
				CLANG_WARN_DEPRECATED_OBJC_IMPLEMENTATIONS = YES;
				CLANG_WARN_DIRECT_OBJC_ISA_USAGE = YES_ERROR;
				CLANG_WARN_DOCUMENTATION_COMMENTS = YES;
				CLANG_WARN_EMPTY_BODY = YES;
				CLANG_WARN_ENUM_CONVERSION = YES;
				CLANG_WARN_INFINITE_RECURSION = YES;
				CLANG_WARN_INT_CONVERSION = YES;
				CLANG_WARN_NON_LITERAL_NULL_CONVERSION = YES;
				CLANG_WARN_OBJC_IMPLICIT_RETAIN_SELF = YES;
				CLANG_WARN_OBJC_LITERAL_CONVERSION = YES;
				CLANG_WARN_OBJC_ROOT_CLASS = YES_ERROR;
				CLANG_WARN_RANGE_LOOP_ANALYSIS = YES;
				CLANG_WARN_STRICT_PROTOTYPES = YES;
				CLANG_WARN_SUSPICIOUS_MOVE = YES;
				CLANG_WARN_UNGUARDED_AVAILABILITY = YES_AGGRESSIVE;
				CLANG_WARN_UNREACHABLE_CODE = YES;
				CLANG_WARN__DUPLICATE_METHOD_MATCH = YES;
				CODE_SIGN_IDENTITY = "";
				COPY_PHASE_STRIP = NO;
				DEBUG_INFORMATION_FORMAT = dwarf;
				ENABLE_STRICT_OBJC_MSGSEND = YES;
				ENABLE_TESTABILITY = YES;
				GCC_C_LANGUAGE_STANDARD = "compiler-default";
				GCC_DYNAMIC_NO_PIC = NO;
				GCC_NO_COMMON_BLOCKS = YES;
				GCC_OPTIMIZATION_LEVEL = 0;
				GCC_PREPROCESSOR_DEFINITIONS = (
					"DEBUG=1",
					"$(inherited)",
				);
				GCC_WARN_64_TO_32_BIT_CONVERSION = YES;
				GCC_WARN_ABOUT_RETURN_TYPE = YES_ERROR;
				GCC_WARN_UNDECLARED_SELECTOR = YES;
				GCC_WARN_UNINITIALIZED_AUTOS = YES_AGGRESSIVE;
				GCC_WARN_UNUSED_FUNCTION = YES;
				GCC_WARN_UNUSED_VARIABLE = YES;
				HEADER_SEARCH_PATHS = /usr/local/include;
				LIBRARY_SEARCH_PATHS = (
					/usr/local/lib,
					/usr/local/share/OpenCV/3rdparty/lib,
					"\"$(inherited)\"",
				);
				MACOSX_DEPLOYMENT_TARGET = 10.13;
				MTL_ENABLE_DEBUG_INFO = YES;
				ONLY_ACTIVE_ARCH = NO;
				SDKROOT = macosx;
				SWIFT_ACTIVE_COMPILATION_CONDITIONS = DEBUG;
				SWIFT_OPTIMIZATION_LEVEL = "-Onone";
				SWIFT_VERSION = 4.0;
			};
			name = Debug;
		};
		E31A69C221073AF100C34CA2 /* Release */ = {
			isa = XCBuildConfiguration;
			buildSettings = {
				ALWAYS_EMBED_SWIFT_STANDARD_LIBRARIES = YES;
				ALWAYS_SEARCH_USER_PATHS = NO;
				CLANG_ANALYZER_NONNULL = YES;
				CLANG_ANALYZER_NUMBER_OBJECT_CONVERSION = YES_AGGRESSIVE;
				CLANG_CXX_LANGUAGE_STANDARD = "gnu++14";
				CLANG_CXX_LIBRARY = "libc++";
				CLANG_ENABLE_MODULES = YES;
				CLANG_ENABLE_OBJC_ARC = YES;
				CLANG_ENABLE_OBJC_WEAK = YES;
				CLANG_WARN_BLOCK_CAPTURE_AUTORELEASING = YES;
				CLANG_WARN_BOOL_CONVERSION = YES;
				CLANG_WARN_COMMA = YES;
				CLANG_WARN_CONSTANT_CONVERSION = YES;
				CLANG_WARN_DEPRECATED_OBJC_IMPLEMENTATIONS = YES;
				CLANG_WARN_DIRECT_OBJC_ISA_USAGE = YES_ERROR;
				CLANG_WARN_DOCUMENTATION_COMMENTS = YES;
				CLANG_WARN_EMPTY_BODY = YES;
				CLANG_WARN_ENUM_CONVERSION = YES;
				CLANG_WARN_INFINITE_RECURSION = YES;
				CLANG_WARN_INT_CONVERSION = YES;
				CLANG_WARN_NON_LITERAL_NULL_CONVERSION = YES;
				CLANG_WARN_OBJC_IMPLICIT_RETAIN_SELF = YES;
				CLANG_WARN_OBJC_LITERAL_CONVERSION = YES;
				CLANG_WARN_OBJC_ROOT_CLASS = YES_ERROR;
				CLANG_WARN_RANGE_LOOP_ANALYSIS = YES;
				CLANG_WARN_STRICT_PROTOTYPES = YES;
				CLANG_WARN_SUSPICIOUS_MOVE = YES;
				CLANG_WARN_UNGUARDED_AVAILABILITY = YES_AGGRESSIVE;
				CLANG_WARN_UNREACHABLE_CODE = YES;
				CLANG_WARN__DUPLICATE_METHOD_MATCH = YES;
				CODE_SIGN_IDENTITY = "";
				COPY_PHASE_STRIP = NO;
				DEBUG_INFORMATION_FORMAT = "dwarf-with-dsym";
				ENABLE_NS_ASSERTIONS = NO;
				ENABLE_STRICT_OBJC_MSGSEND = YES;
				GCC_C_LANGUAGE_STANDARD = "compiler-default";
				GCC_NO_COMMON_BLOCKS = YES;
				GCC_WARN_64_TO_32_BIT_CONVERSION = YES;
				GCC_WARN_ABOUT_RETURN_TYPE = YES_ERROR;
				GCC_WARN_UNDECLARED_SELECTOR = YES;
				GCC_WARN_UNINITIALIZED_AUTOS = YES_AGGRESSIVE;
				GCC_WARN_UNUSED_FUNCTION = YES;
				GCC_WARN_UNUSED_VARIABLE = YES;
				HEADER_SEARCH_PATHS = /usr/local/include;
				LIBRARY_SEARCH_PATHS = (
					/usr/local/lib,
					/usr/local/share/OpenCV/3rdparty/lib,
					"\"$(inherited)\"",
				);
				MACOSX_DEPLOYMENT_TARGET = 10.13;
				MTL_ENABLE_DEBUG_INFO = NO;
				SDKROOT = macosx;
				SWIFT_COMPILATION_MODE = wholemodule;
				SWIFT_OPTIMIZATION_LEVEL = "-O";
				SWIFT_VERSION = 4.0;
			};
			name = Release;
		};
		E31A69C421073AF100C34CA2 /* Debug */ = {
			isa = XCBuildConfiguration;
			buildSettings = {
				ASSETCATALOG_COMPILER_APPICON_NAME = AppIcon;
				CLANG_CXX_LANGUAGE_STANDARD = "gnu++17";
				CLANG_CXX_LIBRARY = "libc++";
				CLANG_ENABLE_MODULES = YES;
				CODE_SIGN_ENTITLEMENTS = Vigor/Vigor.entitlements;
				CODE_SIGN_IDENTITY = "";
				CODE_SIGN_STYLE = Automatic;
				COMBINE_HIDPI_IMAGES = YES;
				DEVELOPMENT_TEAM = 23NWH89XSR;
				GCC_C_LANGUAGE_STANDARD = "compiler-default";
				HEADER_SEARCH_PATHS = /usr/local/include;
				INFOPLIST_FILE = Vigor/Info.plist;
				INSTALL_PATH = "$(LOCAL_APPS_DIR)";
				LD_RUNPATH_SEARCH_PATHS = (
					"@executable_path/Frameworks",
					"$(inherited)",
					"@executable_path/Frameworks",
					"@executable_path/../Frameworks",
				);
				LIBRARY_SEARCH_PATHS = (
					/usr/local/lib,
					/usr/local/share/OpenCV/3rdparty/lib,
					"$(inherited)",
				);
				MACOSX_DEPLOYMENT_TARGET = 10.13;
				OTHER_LDFLAGS = "";
				PRODUCT_BUNDLE_IDENTIFIER = rentateam.Vigor.com;
				PRODUCT_NAME = "$(TARGET_NAME)";
				PROVISIONING_PROFILE_SPECIFIER = "";
				SKIP_INSTALL = NO;
				SWIFT_OBJC_BRIDGING_HEADER = "Vigor/Algoritm/Vigor-Bridging-Header.h";
				SWIFT_OPTIMIZATION_LEVEL = "-Onone";
				SWIFT_VERSION = 4.0;
			};
			name = Debug;
		};
		E31A69C521073AF100C34CA2 /* Release */ = {
			isa = XCBuildConfiguration;
			buildSettings = {
				ASSETCATALOG_COMPILER_APPICON_NAME = AppIcon;
				CLANG_CXX_LANGUAGE_STANDARD = "gnu++17";
				CLANG_CXX_LIBRARY = "libc++";
				CLANG_ENABLE_MODULES = YES;
				CODE_SIGN_ENTITLEMENTS = Vigor/Vigor.entitlements;
				CODE_SIGN_IDENTITY = "";
				CODE_SIGN_STYLE = Automatic;
				COMBINE_HIDPI_IMAGES = YES;
				DEVELOPMENT_TEAM = 23NWH89XSR;
				GCC_C_LANGUAGE_STANDARD = "compiler-default";
				HEADER_SEARCH_PATHS = /usr/local/include;
				INFOPLIST_FILE = Vigor/Info.plist;
				INSTALL_PATH = "$(LOCAL_APPS_DIR)";
				LD_RUNPATH_SEARCH_PATHS = (
					"@executable_path/Frameworks",
					"$(inherited)",
					"@executable_path/Frameworks",
					"@executable_path/../Frameworks",
				);
				LIBRARY_SEARCH_PATHS = (
					/usr/local/lib,
					/usr/local/share/OpenCV/3rdparty/lib,
					"$(inherited)",
				);
				MACOSX_DEPLOYMENT_TARGET = 10.13;
				OTHER_LDFLAGS = "";
				PRODUCT_BUNDLE_IDENTIFIER = rentateam.Vigor.com;
				PRODUCT_NAME = "$(TARGET_NAME)";
				PROVISIONING_PROFILE_SPECIFIER = "";
				SKIP_INSTALL = NO;
				SWIFT_OBJC_BRIDGING_HEADER = "Vigor/Algoritm/Vigor-Bridging-Header.h";
				SWIFT_VERSION = 4.0;
			};
			name = Release;
		};
/* End XCBuildConfiguration section */

/* Begin XCConfigurationList section */
		E31A69AE21073AF000C34CA2 /* Build configuration list for PBXProject "Vigor" */ = {
			isa = XCConfigurationList;
			buildConfigurations = (
				E31A69C121073AF100C34CA2 /* Debug */,
				E31A69C221073AF100C34CA2 /* Release */,
			);
			defaultConfigurationIsVisible = 0;
			defaultConfigurationName = Release;
		};
		E31A69C321073AF100C34CA2 /* Build configuration list for PBXNativeTarget "Vigor" */ = {
			isa = XCConfigurationList;
			buildConfigurations = (
				E31A69C421073AF100C34CA2 /* Debug */,
				E31A69C521073AF100C34CA2 /* Release */,
			);
			defaultConfigurationIsVisible = 0;
			defaultConfigurationName = Release;
		};
/* End XCConfigurationList section */
	};
	rootObject = E31A69AB21073AF000C34CA2 /* Project object */;
}
